github.com/google/flatbuffers v1.12.0/go.mod h1:1AeVuKshWv4vARoZatz6mlQ0JxURH0Kv5+zNeJKJCa8=
github.com/google/flatbuffers v23.5.26+incompatible h1:M9dgRyhJemaM4Sw8+66GHBu8ioaQmyPLg1b8VwK5WJg=
github.com/google/flatbuffers v23.5.26+incompatible/go.mod h1:1AeVuKshWv4vARoZatz6mlQ0JxURH0Kv5+zNeJKJCa8=
github.com/objectbox/objectbox-generator v0.13.0 h1:WyI97psLk3FLw/qGsVIMl49HCSyuFwVekBdIbQDrxXE=
github.com/objectbox/objectbox-generator v0.13.0/go.mod h1:kanX8YAsG9Fi9tufV0iLMAKfV+d4WLAvSj5rtL01WhQ=
github.com/objectbox/objectbox-go v1.7.0 h1:oILjNkSxb52lQ2Ucn85wWk5GvAB5bhnLvZDYlZELAl8=
github.com/objectbox/objectbox-go v1.7.0/go.mod h1:310SfpcNMThWSrpdcClXWiayVMu59xxA3RZdk5x8ay0=
gopkg.in/check.v1 v0.0.0-20161208181325-20d25e280405 h1:yhCVgyC4o1eVCa2tZl7eS0r+SDo693bJlVdllGtEeKM=
gopkg.in/check.v1 v0.0.0-20161208181325-20d25e280405/go.mod h1:Co6ibVJAznAaIkqp8huTwlJQCZ016jof/cbN4VW5Yz0=
gopkg.in/yaml.v3 v3.0.1 h1:fxVm/GzAzEWqLHuvctI91KS9hhNmmWOoWu0XTYJS7CA=
gopkg.in/yaml.v3 v3.0.1/go.mod h1:K4uyk7z7BCEPqu6E+C64Yfv1cQ7kz7rIZviUmN+EgEM=
